
Microsoft Visual Studio Solution File, Format Version 12.00
# Visual Studio Version 17
VisualStudioVersion = 17.13.35931.197 d17.13
MinimumVisualStudioVersion = 10.0.40219.1
Project("{FAE04EC0-301F-11D3-BF4B-00C04F79EFBC}") = "Sporty", "Sporty\Sporty.csproj", "{08539614-6AC9-44FA-A0CA-0C512CA17033}"
EndProject
Global
	GlobalSection(SolutionConfigurationPlatforms) = preSolution
		Debug|Any CPU = Debug|Any CPU
		Release|Any CPU = Release|Any CPU
	EndGlobalSection
	GlobalSection(ProjectConfigurationPlatforms) = postSolution
		{08539614-6AC9-44FA-A0CA-0C512CA17033}.Debug|Any CPU.ActiveCfg = Debug|Any CPU
		{08539614-6AC9-44FA-A0CA-0C512CA17033}.Debug|Any CPU.Build.0 = Debug|Any CPU
		{08539614-6AC9-44FA-A0CA-0C512CA17033}.Release|Any CPU.ActiveCfg = Release|Any CPU
		{08539614-6AC9-44FA-A0CA-0C512CA17033}.Release|Any CPU.Build.0 = Release|Any CPU
	EndGlobalSection
	GlobalSection(SolutionProperties) = preSolution
		HideSolutionNode = FALSE
	EndGlobalSection
	GlobalSection(ExtensibilityGlobals) = postSolution
		SolutionGuid = {630DF41D-3A04-4221-833A-D7DEA44E08D1}
	EndGlobalSection
EndGlobal
